
Microsoft Visual Studio Solution File, Format Version 12.00
# Visual Studio Version 17
VisualStudioVersion = 17.3.32901.215
MinimumVisualStudioVersion = 10.0.40219.1
Project("{FAE04EC0-301F-11D3-BF4B-00C04F79EFBC}") = "AuthMVC", "AuthMVC\AuthMVC.csproj", "{5356E8BC-2C50-4AF4-B3B8-289EB2B9740A}"
EndProject
Global
	GlobalSection(SolutionConfigurationPlatforms) = preSolution
		Debug|Any CPU = Debug|Any CPU
		Release|Any CPU = Release|Any CPU
	EndGlobalSection
	GlobalSection(ProjectConfigurationPlatforms) = postSolution
		{5356E8BC-2C50-4AF4-B3B8-289EB2B9740A}.Debug|Any CPU.ActiveCfg = Debug|Any CPU
		{5356E8BC-2C50-4AF4-B3B8-289EB2B9740A}.Debug|Any CPU.Build.0 = Debug|Any CPU
		{5356E8BC-2C50-4AF4-B3B8-289EB2B9740A}.Release|Any CPU.ActiveCfg = Release|Any CPU
		{5356E8BC-2C50-4AF4-B3B8-289EB2B9740A}.Release|Any CPU.Build.0 = Release|Any CPU
	EndGlobalSection
	GlobalSection(SolutionProperties) = preSolution
		HideSolutionNode = FALSE
	EndGlobalSection
	GlobalSection(ExtensibilityGlobals) = postSolution
		SolutionGuid = {7D95B336-8C0D-4D29-8AF9-DE5DFBA923D0}
	EndGlobalSection
EndGlobal
